
Microsoft Visual Studio Solution File, Format Version 12.00
# Visual Studio Version 17
VisualStudioVersion = 17.12.35527.113
MinimumVisualStudioVersion = 10.0.40219.1
Project("{FAE04EC0-301F-11D3-BF4B-00C04F79EFBC}") = "BankSystem", "BankSystem\BankSystem.csproj", "{AF719426-D074-4D80-979F-AF3F11F24784}"
EndProject
Project("{FAE04EC0-301F-11D3-BF4B-00C04F79EFBC}") = "DataAccess", "DataAccess\DataAccess.csproj", "{C6F5AF04-9730-46E0-96FF-DB4B737E7632}"
EndProject
Project("{FAE04EC0-301F-11D3-BF4B-00C04F79EFBC}") = "Services", "Services\Services.csproj", "{CBF1DDC2-01F7-430B-BC5C-C0350F25C8E0}"
EndProject
Global
	GlobalSection(SolutionConfigurationPlatforms) = preSolution
		Debug|Any CPU = Debug|Any CPU
		Release|Any CPU = Release|Any CPU
	EndGlobalSection
	GlobalSection(ProjectConfigurationPlatforms) = postSolution
		{AF719426-D074-4D80-979F-AF3F11F24784}.Debug|Any CPU.ActiveCfg = Debug|Any CPU
		{AF719426-D074-4D80-979F-AF3F11F24784}.Debug|Any CPU.Build.0 = Debug|Any CPU
		{AF719426-D074-4D80-979F-AF3F11F24784}.Release|Any CPU.ActiveCfg = Release|Any CPU
		{AF719426-D074-4D80-979F-AF3F11F24784}.Release|Any CPU.Build.0 = Release|Any CPU
		{C6F5AF04-9730-46E0-96FF-DB4B737E7632}.Debug|Any CPU.ActiveCfg = Debug|Any CPU
		{C6F5AF04-9730-46E0-96FF-DB4B737E7632}.Debug|Any CPU.Build.0 = Debug|Any CPU
		{C6F5AF04-9730-46E0-96FF-DB4B737E7632}.Release|Any CPU.ActiveCfg = Release|Any CPU
		{C6F5AF04-9730-46E0-96FF-DB4B737E7632}.Release|Any CPU.Build.0 = Release|Any CPU
		{CBF1DDC2-01F7-430B-BC5C-C0350F25C8E0}.Debug|Any CPU.ActiveCfg = Debug|Any CPU
		{CBF1DDC2-01F7-430B-BC5C-C0350F25C8E0}.Debug|Any CPU.Build.0 = Debug|Any CPU
		{CBF1DDC2-01F7-430B-BC5C-C0350F25C8E0}.Release|Any CPU.ActiveCfg = Release|Any CPU
		{CBF1DDC2-01F7-430B-BC5C-C0350F25C8E0}.Release|Any CPU.Build.0 = Release|Any CPU
	EndGlobalSection
	GlobalSection(SolutionProperties) = preSolution
		HideSolutionNode = FALSE
	EndGlobalSection
	GlobalSection(ExtensibilityGlobals) = postSolution
		SolutionGuid = {1E6555C7-731F-496D-82F6-96A95C3A2CCF}
	EndGlobalSection
EndGlobal
